
Microsoft Visual Studio Solution File, Format Version 12.00
# Visual Studio Version 17
VisualStudioVersion = 17.9.34714.143
MinimumVisualStudioVersion = 10.0.40219.1
Project("{FAE04EC0-301F-11D3-BF4B-00C04F79EFBC}") = "pryCalculadoraImpuestos", "pryCalculadoraImpuestos.csproj", "{C3FDD711-4C4C-4389-9A9E-1A91454FEB79}"
EndProject
Global
	GlobalSection(SolutionConfigurationPlatforms) = preSolution
		Debug|Any CPU = Debug|Any CPU
		Release|Any CPU = Release|Any CPU
	EndGlobalSection
	GlobalSection(ProjectConfigurationPlatforms) = postSolution
		{C3FDD711-4C4C-4389-9A9E-1A91454FEB79}.Debug|Any CPU.ActiveCfg = Debug|Any CPU
		{C3FDD711-4C4C-4389-9A9E-1A91454FEB79}.Debug|Any CPU.Build.0 = Debug|Any CPU
		{C3FDD711-4C4C-4389-9A9E-1A91454FEB79}.Release|Any CPU.ActiveCfg = Release|Any CPU
		{C3FDD711-4C4C-4389-9A9E-1A91454FEB79}.Release|Any CPU.Build.0 = Release|Any CPU
	EndGlobalSection
	GlobalSection(SolutionProperties) = preSolution
		HideSolutionNode = FALSE
	EndGlobalSection
	GlobalSection(ExtensibilityGlobals) = postSolution
		SolutionGuid = {EA669853-3D68-49D6-B153-8219559FC7EB}
	EndGlobalSection
EndGlobal
